{
  "name": "@tishlang/tish-ide-panels",
  "version": "0.2.0",
  "lockfileVersion": 3,
  "requires": true,
  "packages": {
    "": {
      "name": "@tishlang/tish-ide-panels",
      "version": "0.2.0",
      "license": "PIF",
      "devDependencies": {
        "@tishlang/lattish": "../lattish"
      },
      "peerDependencies": {
        "@tishlang/lattish": "*"
      },
      "peerDependenciesMeta": {
        "@tishlang/tish-tailwind": {
          "optional": true
        }
      }
    },
    "../lattish": {
      "name": "@tishlang/lattish",
      "version": "0.1.1",
      "dev": true,
      "license": "PIF",
      "devDependencies": {
        "@semantic-release/commit-analyzer": "^13.0.1",
        "@semantic-release/github": "^12.0.6",
        "@semantic-release/npm": "^13.1.5",
        "@semantic-release/release-notes-generator": "^14.1.0",
        "@tishlang/tish": "^1.12.0",
        "jsdom": "^25.0.0",
        "semantic-release": "^25.0.3"
      }
    },
    "node_modules/@tishlang/lattish": {
      "resolved": "../lattish",
      "link": true
    }
  }
}
